
Microsoft Visual Studio Solution File, Format Version 12.00
# Visual Studio Version 16
VisualStudioVersion = 16.0.29806.167
MinimumVisualStudioVersion = 10.0.40219.1
Project("{8BC9CEB8-8B4A-11D0-8D11-00A0C91BC942}") = "C_Exercise", "C_Exercise\C_Exercise.vcxproj", "{E806A4CF-5CE8-45C0-8628-7088F9B5881E}"
EndProject
Project("{8BC9CEB8-8B4A-11D0-8D11-00A0C91BC942}") = "C_P56b", "Console_Exercise\Console_Exercise.vcxproj", "{BEFE3014-3D73-4D7A-9561-E523579747DD}"
EndProject
Project("{8BC9CEB8-8B4A-11D0-8D11-00A0C91BC942}") = "C_P56c", "C_P56c\C_P56c.vcxproj", "{0E9EE999-0BDB-4A9F-B0B6-E99D2D097B6C}"
EndProject
Project("{8BC9CEB8-8B4A-11D0-8D11-00A0C91BC942}") = "C_P56d", "C_P56d\C_P56d.vcxproj", "{6AF1E428-D30B-40A5-9526-E6CA2B797D6A}"
EndProject
Project("{8BC9CEB8-8B4A-11D0-8D11-00A0C91BC942}") = "C_P79d", "C_P79d\C_P79d.vcxproj", "{1FF85546-E78C-4613-B65B-D1FD64E984F5}"
EndProject
Project("{8BC9CEB8-8B4A-11D0-8D11-00A0C91BC942}") = "C_P79e", "C_P79e\C_P79e.vcxproj", "{1CE0C996-6E2E-4BF8-A015-AB68FCA257F9}"
EndProject
Project("{8BC9CEB8-8B4A-11D0-8D11-00A0C91BC942}") = "C_P79f", "C_P79f\C_P79f.vcxproj", "{F8BCA332-D02C-41FA-9A52-C86813AE3489}"
EndProject
Project("{8BC9CEB8-8B4A-11D0-8D11-00A0C91BC942}") = "C_P79h", "C_P79h\C_P79h.vcxproj", "{588C5747-A299-4025-907D-9D72BDD68005}"
EndProject
Project("{8BC9CEB8-8B4A-11D0-8D11-00A0C91BC942}") = "C_P82c", "C_P82c\C_P82c.vcxproj", "{2B851555-D6E2-4CE6-8E03-CCE4FB01945B}"
EndProject
Project("{8BC9CEB8-8B4A-11D0-8D11-00A0C91BC942}") = "C_P82d", "C_P82d\C_P82d.vcxproj", "{1D5D5B71-BA71-445C-9B0B-E4301A1B310F}"
EndProject
Project("{8BC9CEB8-8B4A-11D0-8D11-00A0C91BC942}") = "C_P82e", "C_P82e\C_P82e.vcxproj", "{F40F5982-D87E-4232-899C-5CE0DFE98DC9}"
EndProject
Project("{8BC9CEB8-8B4A-11D0-8D11-00A0C91BC942}") = "C_P82f", "C_P82f\C_P82f.vcxproj", "{681289A5-89B1-45B7-999D-B862871988F4}"
EndProject
Project("{8BC9CEB8-8B4A-11D0-8D11-00A0C91BC942}") = "C_P96C", "C_P96C\C_P96C.vcxproj", "{63E5F50E-6F4F-4DDE-BAB6-25509AB24AAA}"
EndProject
Project("{8BC9CEB8-8B4A-11D0-8D11-00A0C91BC942}") = "C_P96D", "C_P96D\C_P96D.vcxproj", "{6BF4E862-9367-4723-AFA7-1A63FF83D726}"
EndProject
Project("{8BC9CEB8-8B4A-11D0-8D11-00A0C91BC942}") = "C_P126Da", "C_P126Da\C_P126Da.vcxproj", "{5D1C9AC2-40C1-4F34-81B1-F655DBEA27CC}"
EndProject
Project("{8BC9CEB8-8B4A-11D0-8D11-00A0C91BC942}") = "C_P126Dc", "C_P126Dc\C_P126Dc.vcxproj", "{19D0147D-6B23-4655-9155-04D8752FC7AC}"
EndProject
Project("{8BC9CEB8-8B4A-11D0-8D11-00A0C91BC942}") = "C_P126De", "C_P126De\C_P126De.vcxproj", "{37D3B140-D128-43C3-9491-C6841CDB00E7}"
EndProject
Project("{8BC9CEB8-8B4A-11D0-8D11-00A0C91BC942}") = "C_P127Fb", "C_P127Fb\C_P127Fb.vcxproj", "{E977154B-E40C-418B-AB32-68546704CD90}"
EndProject
Project("{8BC9CEB8-8B4A-11D0-8D11-00A0C91BC942}") = "C_P130Ja", "C_P130Ja\C_P130Ja.vcxproj", "{692803BB-78F2-4C3E-A53C-33CA177D4C05}"
EndProject
Project("{8BC9CEB8-8B4A-11D0-8D11-00A0C91BC942}") = "C_P130Jb", "C_P130Jb\C_P130Jb.vcxproj", "{7DF9E10C-2020-4C49-B5C9-BF565FAF4196}"
EndProject
Project("{8BC9CEB8-8B4A-11D0-8D11-00A0C91BC942}") = "C_P130Jc", "C_P130Jc\C_P130Jc.vcxproj", "{02DDD900-3F7F-4E6B-A4D3-7FEE701FB3DF}"
EndProject
Project("{8BC9CEB8-8B4A-11D0-8D11-00A0C91BC942}") = "C_P130Jd", "C_P130Jd\C_P130Jd.vcxproj", "{B6394070-CA55-4A9C-A54E-3D2DFF0AD8BA}"
EndProject
Project("{8BC9CEB8-8B4A-11D0-8D11-00A0C91BC942}") = "C_P130Je", "C_P130Je\C_P130Je.vcxproj", "{9871A97F-03DF-4A33-A683-49C015707FA3}"
EndProject
Project("{8BC9CEB8-8B4A-11D0-8D11-00A0C91BC942}") = "C_P130Jf", "C_P130Jf\C_P130Jf.vcxproj", "{E3624415-6B8B-44D2-A9EB-9AE3F42C76CF}"
EndProject
Project("{8BC9CEB8-8B4A-11D0-8D11-00A0C91BC942}") = "C_130Jg", "C_130Jg\C_130Jg.vcxproj", "{FA227D72-C4D3-4F59-A02A-2CE2E4B9F67F}"
EndProject
Project("{8BC9CEB8-8B4A-11D0-8D11-00A0C91BC942}") = "C_130Jh", "C_130Jh\C_130Jh.vcxproj", "{C9BFA643-1AB2-42F3-A033-3D6334E109BE}"
EndProject
Project("{8BC9CEB8-8B4A-11D0-8D11-00A0C91BC942}") = "C_P131k", "C_P131k\C_P131k.vcxproj", "{C0CE7529-A986-4149-B4E1-8AC22C4A33E0}"
EndProject
Global
	GlobalSection(SolutionConfigurationPlatforms) = preSolution
		Debug|x64 = Debug|x64
		Debug|x86 = Debug|x86
		Release|x64 = Release|x64
		Release|x86 = Release|x86
	EndGlobalSection
	GlobalSection(ProjectConfigurationPlatforms) = postSolution
		{E806A4CF-5CE8-45C0-8628-7088F9B5881E}.Debug|x64.ActiveCfg = Debug|x64
		{E806A4CF-5CE8-45C0-8628-7088F9B5881E}.Debug|x64.Build.0 = Debug|x64
		{E806A4CF-5CE8-45C0-8628-7088F9B5881E}.Debug|x86.ActiveCfg = Debug|Win32
		{E806A4CF-5CE8-45C0-8628-7088F9B5881E}.Debug|x86.Build.0 = Debug|Win32
		{E806A4CF-5CE8-45C0-8628-7088F9B5881E}.Release|x64.ActiveCfg = Release|x64
		{E806A4CF-5CE8-45C0-8628-7088F9B5881E}.Release|x64.Build.0 = Release|x64
		{E806A4CF-5CE8-45C0-8628-7088F9B5881E}.Release|x86.ActiveCfg = Release|Win32
		{E806A4CF-5CE8-45C0-8628-7088F9B5881E}.Release|x86.Build.0 = Release|Win32
		{BEFE3014-3D73-4D7A-9561-E523579747DD}.Debug|x64.ActiveCfg = Debug|x64
		{BEFE3014-3D73-4D7A-9561-E523579747DD}.Debug|x64.Build.0 = Debug|x64
		{BEFE3014-3D73-4D7A-9561-E523579747DD}.Debug|x86.ActiveCfg = Debug|Win32
		{BEFE3014-3D73-4D7A-9561-E523579747DD}.Debug|x86.Build.0 = Debug|Win32
		{BEFE3014-3D73-4D7A-9561-E523579747DD}.Release|x64.ActiveCfg = Release|x64
		{BEFE3014-3D73-4D7A-9561-E523579747DD}.Release|x64.Build.0 = Release|x64
		{BEFE3014-3D73-4D7A-9561-E523579747DD}.Release|x86.ActiveCfg = Release|Win32
		{BEFE3014-3D73-4D7A-9561-E523579747DD}.Release|x86.Build.0 = Release|Win32
		{0E9EE999-0BDB-4A9F-B0B6-E99D2D097B6C}.Debug|x64.ActiveCfg = Debug|x64
		{0E9EE999-0BDB-4A9F-B0B6-E99D2D097B6C}.Debug|x64.Build.0 = Debug|x64
		{0E9EE999-0BDB-4A9F-B0B6-E99D2D097B6C}.Debug|x86.ActiveCfg = Debug|Win32
		{0E9EE999-0BDB-4A9F-B0B6-E99D2D097B6C}.Debug|x86.Build.0 = Debug|Win32
		{0E9EE999-0BDB-4A9F-B0B6-E99D2D097B6C}.Release|x64.ActiveCfg = Release|x64
		{0E9EE999-0BDB-4A9F-B0B6-E99D2D097B6C}.Release|x64.Build.0 = Release|x64
		{0E9EE999-0BDB-4A9F-B0B6-E99D2D097B6C}.Release|x86.ActiveCfg = Release|Win32
		{0E9EE999-0BDB-4A9F-B0B6-E99D2D097B6C}.Release|x86.Build.0 = Release|Win32
		{6AF1E428-D30B-40A5-9526-E6CA2B797D6A}.Debug|x64.ActiveCfg = Debug|x64
		{6AF1E428-D30B-40A5-9526-E6CA2B797D6A}.Debug|x64.Build.0 = Debug|x64
		{6AF1E428-D30B-40A5-9526-E6CA2B797D6A}.Debug|x86.ActiveCfg = Debug|Win32
		{6AF1E428-D30B-40A5-9526-E6CA2B797D6A}.Debug|x86.Build.0 = Debug|Win32
		{6AF1E428-D30B-40A5-9526-E6CA2B797D6A}.Release|x64.ActiveCfg = Release|x64
		{6AF1E428-D30B-40A5-9526-E6CA2B797D6A}.Release|x64.Build.0 = Release|x64
		{6AF1E428-D30B-40A5-9526-E6CA2B797D6A}.Release|x86.ActiveCfg = Release|Win32
		{6AF1E428-D30B-40A5-9526-E6CA2B797D6A}.Release|x86.Build.0 = Release|Win32
		{1FF85546-E78C-4613-B65B-D1FD64E984F5}.Debug|x64.ActiveCfg = Debug|x64
		{1FF85546-E78C-4613-B65B-D1FD64E984F5}.Debug|x64.Build.0 = Debug|x64
		{1FF85546-E78C-4613-B65B-D1FD64E984F5}.Debug|x86.ActiveCfg = Debug|Win32
		{1FF85546-E78C-4613-B65B-D1FD64E984F5}.Debug|x86.Build.0 = Debug|Win32
		{1FF85546-E78C-4613-B65B-D1FD64E984F5}.Release|x64.ActiveCfg = Release|x64
		{1FF85546-E78C-4613-B65B-D1FD64E984F5}.Release|x64.Build.0 = Release|x64
		{1FF85546-E78C-4613-B65B-D1FD64E984F5}.Release|x86.ActiveCfg = Release|Win32
		{1FF85546-E78C-4613-B65B-D1FD64E984F5}.Release|x86.Build.0 = Release|Win32
		{1CE0C996-6E2E-4BF8-A015-AB68FCA257F9}.Debug|x64.ActiveCfg = Debug|x64
		{1CE0C996-6E2E-4BF8-A015-AB68FCA257F9}.Debug|x64.Build.0 = Debug|x64
		{1CE0C996-6E2E-4BF8-A015-AB68FCA257F9}.Debug|x86.ActiveCfg = Debug|Win32
		{1CE0C996-6E2E-4BF8-A015-AB68FCA257F9}.Debug|x86.Build.0 = Debug|Win32
		{1CE0C996-6E2E-4BF8-A015-AB68FCA257F9}.Release|x64.ActiveCfg = Release|x64
		{1CE0C996-6E2E-4BF8-A015-AB68FCA257F9}.Release|x64.Build.0 = Release|x64
		{1CE0C996-6E2E-4BF8-A015-AB68FCA257F9}.Release|x86.ActiveCfg = Release|Win32
		{1CE0C996-6E2E-4BF8-A015-AB68FCA257F9}.Release|x86.Build.0 = Release|Win32
		{F8BCA332-D02C-41FA-9A52-C86813AE3489}.Debug|x64.ActiveCfg = Debug|x64
		{F8BCA332-D02C-41FA-9A52-C86813AE3489}.Debug|x64.Build.0 = Debug|x64
		{F8BCA332-D02C-41FA-9A52-C86813AE3489}.Debug|x86.ActiveCfg = Debug|Win32
		{F8BCA332-D02C-41FA-9A52-C86813AE3489}.Debug|x86.Build.0 = Debug|Win32
		{F8BCA332-D02C-41FA-9A52-C86813AE3489}.Release|x64.ActiveCfg = Release|x64
		{F8BCA332-D02C-41FA-9A52-C86813AE3489}.Release|x64.Build.0 = Release|x64
		{F8BCA332-D02C-41FA-9A52-C86813AE3489}.Release|x86.ActiveCfg = Release|Win32
		{F8BCA332-D02C-41FA-9A52-C86813AE3489}.Release|x86.Build.0 = Release|Win32
		{588C5747-A299-4025-907D-9D72BDD68005}.Debug|x64.ActiveCfg = Debug|x64
		{588C5747-A299-4025-907D-9D72BDD68005}.Debug|x64.Build.0 = Debug|x64
		{588C5747-A299-4025-907D-9D72BDD68005}.Debug|x86.ActiveCfg = Debug|Win32
		{588C5747-A299-4025-907D-9D72BDD68005}.Debug|x86.Build.0 = Debug|Win32
		{588C5747-A299-4025-907D-9D72BDD68005}.Release|x64.ActiveCfg = Release|x64
		{588C5747-A299-4025-907D-9D72BDD68005}.Release|x64.Build.0 = Release|x64
		{588C5747-A299-4025-907D-9D72BDD68005}.Release|x86.ActiveCfg = Release|Win32
		{588C5747-A299-4025-907D-9D72BDD68005}.Release|x86.Build.0 = Release|Win32
		{2B851555-D6E2-4CE6-8E03-CCE4FB01945B}.Debug|x64.ActiveCfg = Debug|x64
		{2B851555-D6E2-4CE6-8E03-CCE4FB01945B}.Debug|x64.Build.0 = Debug|x64
		{2B851555-D6E2-4CE6-8E03-CCE4FB01945B}.Debug|x86.ActiveCfg = Debug|Win32
		{2B851555-D6E2-4CE6-8E03-CCE4FB01945B}.Debug|x86.Build.0 = Debug|Win32
		{2B851555-D6E2-4CE6-8E03-CCE4FB01945B}.Release|x64.ActiveCfg = Release|x64
		{2B851555-D6E2-4CE6-8E03-CCE4FB01945B}.Release|x64.Build.0 = Release|x64
		{2B851555-D6E2-4CE6-8E03-CCE4FB01945B}.Release|x86.ActiveCfg = Release|Win32
		{2B851555-D6E2-4CE6-8E03-CCE4FB01945B}.Release|x86.Build.0 = Release|Win32
		{1D5D5B71-BA71-445C-9B0B-E4301A1B310F}.Debug|x64.ActiveCfg = Debug|x64
		{1D5D5B71-BA71-445C-9B0B-E4301A1B310F}.Debug|x64.Build.0 = Debug|x64
		{1D5D5B71-BA71-445C-9B0B-E4301A1B310F}.Debug|x86.ActiveCfg = Debug|Win32
		{1D5D5B71-BA71-445C-9B0B-E4301A1B310F}.Debug|x86.Build.0 = Debug|Win32
		{1D5D5B71-BA71-445C-9B0B-E4301A1B310F}.Release|x64.ActiveCfg = Release|x64
		{1D5D5B71-BA71-445C-9B0B-E4301A1B310F}.Release|x64.Build.0 = Release|x64
		{1D5D5B71-BA71-445C-9B0B-E4301A1B310F}.Release|x86.ActiveCfg = Release|Win32
		{1D5D5B71-BA71-445C-9B0B-E4301A1B310F}.Release|x86.Build.0 = Release|Win32
		{F40F5982-D87E-4232-899C-5CE0DFE98DC9}.Debug|x64.ActiveCfg = Debug|x64
		{F40F5982-D87E-4232-899C-5CE0DFE98DC9}.Debug|x64.Build.0 = Debug|x64
		{F40F5982-D87E-4232-899C-5CE0DFE98DC9}.Debug|x86.ActiveCfg = Debug|Win32
		{F40F5982-D87E-4232-899C-5CE0DFE98DC9}.Debug|x86.Build.0 = Debug|Win32
		{F40F5982-D87E-4232-899C-5CE0DFE98DC9}.Release|x64.ActiveCfg = Release|x64
		{F40F5982-D87E-4232-899C-5CE0DFE98DC9}.Release|x64.Build.0 = Release|x64
		{F40F5982-D87E-4232-899C-5CE0DFE98DC9}.Release|x86.ActiveCfg = Release|Win32
		{F40F5982-D87E-4232-899C-5CE0DFE98DC9}.Release|x86.Build.0 = Release|Win32
		{681289A5-89B1-45B7-999D-B862871988F4}.Debug|x64.ActiveCfg = Debug|x64
		{681289A5-89B1-45B7-999D-B862871988F4}.Debug|x64.Build.0 = Debug|x64
		{681289A5-89B1-45B7-999D-B862871988F4}.Debug|x86.ActiveCfg = Debug|Win32
		{681289A5-89B1-45B7-999D-B862871988F4}.Debug|x86.Build.0 = Debug|Win32
		{681289A5-89B1-45B7-999D-B862871988F4}.Release|x64.ActiveCfg = Release|x64
		{681289A5-89B1-45B7-999D-B862871988F4}.Release|x64.Build.0 = Release|x64
		{681289A5-89B1-45B7-999D-B862871988F4}.Release|x86.ActiveCfg = Release|Win32
		{681289A5-89B1-45B7-999D-B862871988F4}.Release|x86.Build.0 = Release|Win32
		{63E5F50E-6F4F-4DDE-BAB6-25509AB24AAA}.Debug|x64.ActiveCfg = Debug|x64
		{63E5F50E-6F4F-4DDE-BAB6-25509AB24AAA}.Debug|x64.Build.0 = Debug|x64
		{63E5F50E-6F4F-4DDE-BAB6-25509AB24AAA}.Debug|x86.ActiveCfg = Debug|Win32
		{63E5F50E-6F4F-4DDE-BAB6-25509AB24AAA}.Debug|x86.Build.0 = Debug|Win32
		{63E5F50E-6F4F-4DDE-BAB6-25509AB24AAA}.Release|x64.ActiveCfg = Release|x64
		{63E5F50E-6F4F-4DDE-BAB6-25509AB24AAA}.Release|x64.Build.0 = Release|x64
		{63E5F50E-6F4F-4DDE-BAB6-25509AB24AAA}.Release|x86.ActiveCfg = Release|Win32
		{63E5F50E-6F4F-4DDE-BAB6-25509AB24AAA}.Release|x86.Build.0 = Release|Win32
		{6BF4E862-9367-4723-AFA7-1A63FF83D726}.Debug|x64.ActiveCfg = Debug|x64
		{6BF4E862-9367-4723-AFA7-1A63FF83D726}.Debug|x64.Build.0 = Debug|x64
		{6BF4E862-9367-4723-AFA7-1A63FF83D726}.Debug|x86.ActiveCfg = Debug|Win32
		{6BF4E862-9367-4723-AFA7-1A63FF83D726}.Debug|x86.Build.0 = Debug|Win32
		{6BF4E862-9367-4723-AFA7-1A63FF83D726}.Release|x64.ActiveCfg = Release|x64
		{6BF4E862-9367-4723-AFA7-1A63FF83D726}.Release|x64.Build.0 = Release|x64
		{6BF4E862-9367-4723-AFA7-1A63FF83D726}.Release|x86.ActiveCfg = Release|Win32
		{6BF4E862-9367-4723-AFA7-1A63FF83D726}.Release|x86.Build.0 = Release|Win32
		{5D1C9AC2-40C1-4F34-81B1-F655DBEA27CC}.Debug|x64.ActiveCfg = Debug|x64
		{5D1C9AC2-40C1-4F34-81B1-F655DBEA27CC}.Debug|x64.Build.0 = Debug|x64
		{5D1C9AC2-40C1-4F34-81B1-F655DBEA27CC}.Debug|x86.ActiveCfg = Debug|Win32
		{5D1C9AC2-40C1-4F34-81B1-F655DBEA27CC}.Debug|x86.Build.0 = Debug|Win32
		{5D1C9AC2-40C1-4F34-81B1-F655DBEA27CC}.Release|x64.ActiveCfg = Release|x64
		{5D1C9AC2-40C1-4F34-81B1-F655DBEA27CC}.Release|x64.Build.0 = Release|x64
		{5D1C9AC2-40C1-4F34-81B1-F655DBEA27CC}.Release|x86.ActiveCfg = Release|Win32
		{5D1C9AC2-40C1-4F34-81B1-F655DBEA27CC}.Release|x86.Build.0 = Release|Win32
		{19D0147D-6B23-4655-9155-04D8752FC7AC}.Debug|x64.ActiveCfg = Debug|x64
		{19D0147D-6B23-4655-9155-04D8752FC7AC}.Debug|x64.Build.0 = Debug|x64
		{19D0147D-6B23-4655-9155-04D8752FC7AC}.Debug|x86.ActiveCfg = Debug|Win32
		{19D0147D-6B23-4655-9155-04D8752FC7AC}.Debug|x86.Build.0 = Debug|Win32
		{19D0147D-6B23-4655-9155-04D8752FC7AC}.Release|x64.ActiveCfg = Release|x64
		{19D0147D-6B23-4655-9155-04D8752FC7AC}.Release|x64.Build.0 = Release|x64
		{19D0147D-6B23-4655-9155-04D8752FC7AC}.Release|x86.ActiveCfg = Release|Win32
		{19D0147D-6B23-4655-9155-04D8752FC7AC}.Release|x86.Build.0 = Release|Win32
		{37D3B140-D128-43C3-9491-C6841CDB00E7}.Debug|x64.ActiveCfg = Debug|x64
		{37D3B140-D128-43C3-9491-C6841CDB00E7}.Debug|x64.Build.0 = Debug|x64
		{37D3B140-D128-43C3-9491-C6841CDB00E7}.Debug|x86.ActiveCfg = Debug|Win32
		{37D3B140-D128-43C3-9491-C6841CDB00E7}.Debug|x86.Build.0 = Debug|Win32
		{37D3B140-D128-43C3-9491-C6841CDB00E7}.Release|x64.ActiveCfg = Release|x64
		{37D3B140-D128-43C3-9491-C6841CDB00E7}.Release|x64.Build.0 = Release|x64
		{37D3B140-D128-43C3-9491-C6841CDB00E7}.Release|x86.ActiveCfg = Release|Win32
		{37D3B140-D128-43C3-9491-C6841CDB00E7}.Release|x86.Build.0 = Release|Win32
		{E977154B-E40C-418B-AB32-68546704CD90}.Debug|x64.ActiveCfg = Debug|x64
		{E977154B-E40C-418B-AB32-68546704CD90}.Debug|x64.Build.0 = Debug|x64
		{E977154B-E40C-418B-AB32-68546704CD90}.Debug|x86.ActiveCfg = Debug|Win32
		{E977154B-E40C-418B-AB32-68546704CD90}.Debug|x86.Build.0 = Debug|Win32
		{E977154B-E40C-418B-AB32-68546704CD90}.Release|x64.ActiveCfg = Release|x64
		{E977154B-E40C-418B-AB32-68546704CD90}.Release|x64.Build.0 = Release|x64
		{E977154B-E40C-418B-AB32-68546704CD90}.Release|x86.ActiveCfg = Release|Win32
		{E977154B-E40C-418B-AB32-68546704CD90}.Release|x86.Build.0 = Release|Win32
		{692803BB-78F2-4C3E-A53C-33CA177D4C05}.Debug|x64.ActiveCfg = Debug|x64
		{692803BB-78F2-4C3E-A53C-33CA177D4C05}.Debug|x64.Build.0 = Debug|x64
		{692803BB-78F2-4C3E-A53C-33CA177D4C05}.Debug|x86.ActiveCfg = Debug|Win32
		{692803BB-78F2-4C3E-A53C-33CA177D4C05}.Debug|x86.Build.0 = Debug|Win32
		{692803BB-78F2-4C3E-A53C-33CA177D4C05}.Release|x64.ActiveCfg = Release|x64
		{692803BB-78F2-4C3E-A53C-33CA177D4C05}.Release|x64.Build.0 = Release|x64
		{692803BB-78F2-4C3E-A53C-33CA177D4C05}.Release|x86.ActiveCfg = Release|Win32
		{692803BB-78F2-4C3E-A53C-33CA177D4C05}.Release|x86.Build.0 = Release|Win32
		{7DF9E10C-2020-4C49-B5C9-BF565FAF4196}.Debug|x64.ActiveCfg = Debug|x64
		{7DF9E10C-2020-4C49-B5C9-BF565FAF4196}.Debug|x64.Build.0 = Debug|x64
		{7DF9E10C-2020-4C49-B5C9-BF565FAF4196}.Debug|x86.ActiveCfg = Debug|Win32
		{7DF9E10C-2020-4C49-B5C9-BF565FAF4196}.Debug|x86.Build.0 = Debug|Win32
		{7DF9E10C-2020-4C49-B5C9-BF565FAF4196}.Release|x64.ActiveCfg = Release|x64
		{7DF9E10C-2020-4C49-B5C9-BF565FAF4196}.Release|x64.Build.0 = Release|x64
		{7DF9E10C-2020-4C49-B5C9-BF565FAF4196}.Release|x86.ActiveCfg = Release|Win32
		{7DF9E10C-2020-4C49-B5C9-BF565FAF4196}.Release|x86.Build.0 = Release|Win32
		{02DDD900-3F7F-4E6B-A4D3-7FEE701FB3DF}.Debug|x64.ActiveCfg = Debug|x64
		{02DDD900-3F7F-4E6B-A4D3-7FEE701FB3DF}.Debug|x64.Build.0 = Debug|x64
		{02DDD900-3F7F-4E6B-A4D3-7FEE701FB3DF}.Debug|x86.ActiveCfg = Debug|Win32
		{02DDD900-3F7F-4E6B-A4D3-7FEE701FB3DF}.Debug|x86.Build.0 = Debug|Win32
		{02DDD900-3F7F-4E6B-A4D3-7FEE701FB3DF}.Release|x64.ActiveCfg = Release|x64
		{02DDD900-3F7F-4E6B-A4D3-7FEE701FB3DF}.Release|x64.Build.0 = Release|x64
		{02DDD900-3F7F-4E6B-A4D3-7FEE701FB3DF}.Release|x86.ActiveCfg = Release|Win32
		{02DDD900-3F7F-4E6B-A4D3-7FEE701FB3DF}.Release|x86.Build.0 = Release|Win32
		{B6394070-CA55-4A9C-A54E-3D2DFF0AD8BA}.Debug|x64.ActiveCfg = Debug|x64
		{B6394070-CA55-4A9C-A54E-3D2DFF0AD8BA}.Debug|x64.Build.0 = Debug|x64
		{B6394070-CA55-4A9C-A54E-3D2DFF0AD8BA}.Debug|x86.ActiveCfg = Debug|Win32
		{B6394070-CA55-4A9C-A54E-3D2DFF0AD8BA}.Debug|x86.Build.0 = Debug|Win32
		{B6394070-CA55-4A9C-A54E-3D2DFF0AD8BA}.Release|x64.ActiveCfg = Release|x64
		{B6394070-CA55-4A9C-A54E-3D2DFF0AD8BA}.Release|x64.Build.0 = Release|x64
		{B6394070-CA55-4A9C-A54E-3D2DFF0AD8BA}.Release|x86.ActiveCfg = Release|Win32
		{B6394070-CA55-4A9C-A54E-3D2DFF0AD8BA}.Release|x86.Build.0 = Release|Win32
		{9871A97F-03DF-4A33-A683-49C015707FA3}.Debug|x64.ActiveCfg = Debug|x64
		{9871A97F-03DF-4A33-A683-49C015707FA3}.Debug|x64.Build.0 = Debug|x64
		{9871A97F-03DF-4A33-A683-49C015707FA3}.Debug|x86.ActiveCfg = Debug|Win32
		{9871A97F-03DF-4A33-A683-49C015707FA3}.Debug|x86.Build.0 = Debug|Win32
		{9871A97F-03DF-4A33-A683-49C015707FA3}.Release|x64.ActiveCfg = Release|x64
		{9871A97F-03DF-4A33-A683-49C015707FA3}.Release|x64.Build.0 = Release|x64
		{9871A97F-03DF-4A33-A683-49C015707FA3}.Release|x86.ActiveCfg = Release|Win32
		{9871A97F-03DF-4A33-A683-49C015707FA3}.Release|x86.Build.0 = Release|Win32
		{E3624415-6B8B-44D2-A9EB-9AE3F42C76CF}.Debug|x64.ActiveCfg = Debug|x64
		{E3624415-6B8B-44D2-A9EB-9AE3F42C76CF}.Debug|x64.Build.0 = Debug|x64
		{E3624415-6B8B-44D2-A9EB-9AE3F42C76CF}.Debug|x86.ActiveCfg = Debug|Win32
		{E3624415-6B8B-44D2-A9EB-9AE3F42C76CF}.Debug|x86.Build.0 = Debug|Win32
		{E3624415-6B8B-44D2-A9EB-9AE3F42C76CF}.Release|x64.ActiveCfg = Release|x64
		{E3624415-6B8B-44D2-A9EB-9AE3F42C76CF}.Release|x64.Build.0 = Release|x64
		{E3624415-6B8B-44D2-A9EB-9AE3F42C76CF}.Release|x86.ActiveCfg = Release|Win32
		{E3624415-6B8B-44D2-A9EB-9AE3F42C76CF}.Release|x86.Build.0 = Release|Win32
		{FA227D72-C4D3-4F59-A02A-2CE2E4B9F67F}.Debug|x64.ActiveCfg = Debug|x64
		{FA227D72-C4D3-4F59-A02A-2CE2E4B9F67F}.Debug|x64.Build.0 = Debug|x64
		{FA227D72-C4D3-4F59-A02A-2CE2E4B9F67F}.Debug|x86.ActiveCfg = Debug|Win32
		{FA227D72-C4D3-4F59-A02A-2CE2E4B9F67F}.Debug|x86.Build.0 = Debug|Win32
		{FA227D72-C4D3-4F59-A02A-2CE2E4B9F67F}.Release|x64.ActiveCfg = Release|x64
		{FA227D72-C4D3-4F59-A02A-2CE2E4B9F67F}.Release|x64.Build.0 = Release|x64
		{FA227D72-C4D3-4F59-A02A-2CE2E4B9F67F}.Release|x86.ActiveCfg = Release|Win32
		{FA227D72-C4D3-4F59-A02A-2CE2E4B9F67F}.Release|x86.Build.0 = Release|Win32
		{C9BFA643-1AB2-42F3-A033-3D6334E109BE}.Debug|x64.ActiveCfg = Debug|x64
		{C9BFA643-1AB2-42F3-A033-3D6334E109BE}.Debug|x64.Build.0 = Debug|x64
		{C9BFA643-1AB2-42F3-A033-3D6334E109BE}.Debug|x86.ActiveCfg = Debug|Win32
		{C9BFA643-1AB2-42F3-A033-3D6334E109BE}.Debug|x86.Build.0 = Debug|Win32
		{C9BFA643-1AB2-42F3-A033-3D6334E109BE}.Release|x64.ActiveCfg = Release|x64
		{C9BFA643-1AB2-42F3-A033-3D6334E109BE}.Release|x64.Build.0 = Release|x64
		{C9BFA643-1AB2-42F3-A033-3D6334E109BE}.Release|x86.ActiveCfg = Release|Win32
		{C9BFA643-1AB2-42F3-A033-3D6334E109BE}.Release|x86.Build.0 = Release|Win32
		{C0CE7529-A986-4149-B4E1-8AC22C4A33E0}.Debug|x64.ActiveCfg = Debug|x64
		{C0CE7529-A986-4149-B4E1-8AC22C4A33E0}.Debug|x64.Build.0 = Debug|x64
		{C0CE7529-A986-4149-B4E1-8AC22C4A33E0}.Debug|x86.ActiveCfg = Debug|Win32
		{C0CE7529-A986-4149-B4E1-8AC22C4A33E0}.Debug|x86.Build.0 = Debug|Win32
		{C0CE7529-A986-4149-B4E1-8AC22C4A33E0}.Release|x64.ActiveCfg = Release|x64
		{C0CE7529-A986-4149-B4E1-8AC22C4A33E0}.Release|x64.Build.0 = Release|x64
		{C0CE7529-A986-4149-B4E1-8AC22C4A33E0}.Release|x86.ActiveCfg = Release|Win32
		{C0CE7529-A986-4149-B4E1-8AC22C4A33E0}.Release|x86.Build.0 = Release|Win32
	EndGlobalSection
	GlobalSection(SolutionProperties) = preSolution
		HideSolutionNode = FALSE
	EndGlobalSection
	GlobalSection(ExtensibilityGlobals) = postSolution
		SolutionGuid = {DC1BA0C3-24B5-4826-98EC-F2C633FEEB35}
	EndGlobalSection
EndGlobal
